
Microsoft Visual Studio Solution File, Format Version 12.00
# Visual Studio Version 17
VisualStudioVersion = 17.8.34330.188
MinimumVisualStudioVersion = 10.0.40219.1
Project("{FAE04EC0-301F-11D3-BF4B-00C04F79EFBC}") = "CSharp-Programming", "CSharp-Programming\CSharp-Programming.csproj", "{4027013E-676E-4C44-BE4C-CFB0A2111330}"
EndProject
Project("{FAE04EC0-301F-11D3-BF4B-00C04F79EFBC}") = "00.Intro", "00.Intro\00.Intro.csproj", "{A25A3CD5-CC43-43E9-9750-C3E106843806}"
EndProject
Project("{FAE04EC0-301F-11D3-BF4B-00C04F79EFBC}") = "01.DataType", "01.DataType\01.DataType.csproj", "{9C145860-27E3-4DDE-A246-F0DB6FE1A3FE}"
EndProject
Project("{FAE04EC0-301F-11D3-BF4B-00C04F79EFBC}") = "02.Operator", "02.Operator\02.Operator.csproj", "{2458FEAC-9A37-4EBC-82C8-E31B4D195C0F}"
EndProject
Project("{FAE04EC0-301F-11D3-BF4B-00C04F79EFBC}") = "03.Conditional", "03.Conditional\03.Conditional.csproj", "{84076AA2-B1D4-4491-9C03-A62D44EA8A15}"
EndProject
Project("{FAE04EC0-301F-11D3-BF4B-00C04F79EFBC}") = "04.Loop", "04.Loop\04.Loop.csproj", "{4DEDA2E5-29DE-4A7D-826C-5B67D7AEA2D8}"
EndProject
Project("{FAE04EC0-301F-11D3-BF4B-00C04F79EFBC}") = "05.Function", "05.Function\05.Function.csproj", "{53FA93F5-8297-444C-B65F-0E39BE0BDEF8}"
EndProject
Project("{FAE04EC0-301F-11D3-BF4B-00C04F79EFBC}") = "06.UserDefineType", "06.UserDefineType\06.UserDefineType.csproj", "{4F354E85-C0D4-4EB2-953D-46EA3C34CA6F}"
EndProject
Project("{FAE04EC0-301F-11D3-BF4B-00C04F79EFBC}") = "07.Class", "07.Class\07.Class.csproj", "{7DA5DA62-7CCA-4AE1-896A-E9D1D0A3048D}"
EndProject
Project("{FAE04EC0-301F-11D3-BF4B-00C04F79EFBC}") = "08.Memory", "08.Memory\08.Memory.csproj", "{E535D398-FD7A-4E62-949D-C3143041D366}"
EndProject
Project("{FAE04EC0-301F-11D3-BF4B-00C04F79EFBC}") = "09.OOP", "09.OOP\09.OOP.csproj", "{EF037166-7D8C-4F70-B011-9DCA3111AF2C}"
EndProject
Project("{FAE04EC0-301F-11D3-BF4B-00C04F79EFBC}") = "10.Interface", "10.Interface\10.Interface.csproj", "{D841352C-054B-4A68-B228-0FF9AA391BF1}"
EndProject
Project("{FAE04EC0-301F-11D3-BF4B-00C04F79EFBC}") = "11.Generic", "11.Generic\11.Generic.csproj", "{0227301D-DA35-4980-903F-A71AE0FE431E}"
EndProject
Project("{FAE04EC0-301F-11D3-BF4B-00C04F79EFBC}") = "12.Delegate", "12.Delegate\12.Delegate.csproj", "{D73CAFA7-2D24-49A0-AB32-37065B4092CD}"
EndProject
Project("{FAE04EC0-301F-11D3-BF4B-00C04F79EFBC}") = "13.Event", "13.Event\13.Event.csproj", "{AB61506C-BE8E-4B3D-8C94-4FD48425CF89}"
EndProject
Project("{FAE04EC0-301F-11D3-BF4B-00C04F79EFBC}") = "14.Array", "14.Array\14.Array.csproj", "{1C75440E-FB16-4D27-900D-01DE3186E011}"
EndProject
Project("{FAE04EC0-301F-11D3-BF4B-00C04F79EFBC}") = "15.Additional", "15.Additional\15.Additional.csproj", "{1754ED99-8FA4-4103-878D-A4F6C6C7E4B9}"
EndProject
Global
	GlobalSection(SolutionConfigurationPlatforms) = preSolution
		Debug|Any CPU = Debug|Any CPU
		Release|Any CPU = Release|Any CPU
	EndGlobalSection
	GlobalSection(ProjectConfigurationPlatforms) = postSolution
		{4027013E-676E-4C44-BE4C-CFB0A2111330}.Debug|Any CPU.ActiveCfg = Debug|Any CPU
		{4027013E-676E-4C44-BE4C-CFB0A2111330}.Debug|Any CPU.Build.0 = Debug|Any CPU
		{4027013E-676E-4C44-BE4C-CFB0A2111330}.Release|Any CPU.ActiveCfg = Release|Any CPU
		{4027013E-676E-4C44-BE4C-CFB0A2111330}.Release|Any CPU.Build.0 = Release|Any CPU
		{A25A3CD5-CC43-43E9-9750-C3E106843806}.Debug|Any CPU.ActiveCfg = Debug|Any CPU
		{A25A3CD5-CC43-43E9-9750-C3E106843806}.Debug|Any CPU.Build.0 = Debug|Any CPU
		{A25A3CD5-CC43-43E9-9750-C3E106843806}.Release|Any CPU.ActiveCfg = Release|Any CPU
		{A25A3CD5-CC43-43E9-9750-C3E106843806}.Release|Any CPU.Build.0 = Release|Any CPU
		{9C145860-27E3-4DDE-A246-F0DB6FE1A3FE}.Debug|Any CPU.ActiveCfg = Debug|Any CPU
		{9C145860-27E3-4DDE-A246-F0DB6FE1A3FE}.Debug|Any CPU.Build.0 = Debug|Any CPU
		{9C145860-27E3-4DDE-A246-F0DB6FE1A3FE}.Release|Any CPU.ActiveCfg = Release|Any CPU
		{9C145860-27E3-4DDE-A246-F0DB6FE1A3FE}.Release|Any CPU.Build.0 = Release|Any CPU
		{2458FEAC-9A37-4EBC-82C8-E31B4D195C0F}.Debug|Any CPU.ActiveCfg = Debug|Any CPU
		{2458FEAC-9A37-4EBC-82C8-E31B4D195C0F}.Debug|Any CPU.Build.0 = Debug|Any CPU
		{2458FEAC-9A37-4EBC-82C8-E31B4D195C0F}.Release|Any CPU.ActiveCfg = Release|Any CPU
		{2458FEAC-9A37-4EBC-82C8-E31B4D195C0F}.Release|Any CPU.Build.0 = Release|Any CPU
		{84076AA2-B1D4-4491-9C03-A62D44EA8A15}.Debug|Any CPU.ActiveCfg = Debug|Any CPU
		{84076AA2-B1D4-4491-9C03-A62D44EA8A15}.Debug|Any CPU.Build.0 = Debug|Any CPU
		{84076AA2-B1D4-4491-9C03-A62D44EA8A15}.Release|Any CPU.ActiveCfg = Release|Any CPU
		{84076AA2-B1D4-4491-9C03-A62D44EA8A15}.Release|Any CPU.Build.0 = Release|Any CPU
		{4DEDA2E5-29DE-4A7D-826C-5B67D7AEA2D8}.Debug|Any CPU.ActiveCfg = Debug|Any CPU
		{4DEDA2E5-29DE-4A7D-826C-5B67D7AEA2D8}.Debug|Any CPU.Build.0 = Debug|Any CPU
		{4DEDA2E5-29DE-4A7D-826C-5B67D7AEA2D8}.Release|Any CPU.ActiveCfg = Release|Any CPU
		{4DEDA2E5-29DE-4A7D-826C-5B67D7AEA2D8}.Release|Any CPU.Build.0 = Release|Any CPU
		{53FA93F5-8297-444C-B65F-0E39BE0BDEF8}.Debug|Any CPU.ActiveCfg = Debug|Any CPU
		{53FA93F5-8297-444C-B65F-0E39BE0BDEF8}.Debug|Any CPU.Build.0 = Debug|Any CPU
		{53FA93F5-8297-444C-B65F-0E39BE0BDEF8}.Release|Any CPU.ActiveCfg = Release|Any CPU
		{53FA93F5-8297-444C-B65F-0E39BE0BDEF8}.Release|Any CPU.Build.0 = Release|Any CPU
		{4F354E85-C0D4-4EB2-953D-46EA3C34CA6F}.Debug|Any CPU.ActiveCfg = Debug|Any CPU
		{4F354E85-C0D4-4EB2-953D-46EA3C34CA6F}.Debug|Any CPU.Build.0 = Debug|Any CPU
		{4F354E85-C0D4-4EB2-953D-46EA3C34CA6F}.Release|Any CPU.ActiveCfg = Release|Any CPU
		{4F354E85-C0D4-4EB2-953D-46EA3C34CA6F}.Release|Any CPU.Build.0 = Release|Any CPU
		{7DA5DA62-7CCA-4AE1-896A-E9D1D0A3048D}.Debug|Any CPU.ActiveCfg = Debug|Any CPU
		{7DA5DA62-7CCA-4AE1-896A-E9D1D0A3048D}.Debug|Any CPU.Build.0 = Debug|Any CPU
		{7DA5DA62-7CCA-4AE1-896A-E9D1D0A3048D}.Release|Any CPU.ActiveCfg = Release|Any CPU
		{7DA5DA62-7CCA-4AE1-896A-E9D1D0A3048D}.Release|Any CPU.Build.0 = Release|Any CPU
		{E535D398-FD7A-4E62-949D-C3143041D366}.Debug|Any CPU.ActiveCfg = Debug|Any CPU
		{E535D398-FD7A-4E62-949D-C3143041D366}.Debug|Any CPU.Build.0 = Debug|Any CPU
		{E535D398-FD7A-4E62-949D-C3143041D366}.Release|Any CPU.ActiveCfg = Release|Any CPU
		{E535D398-FD7A-4E62-949D-C3143041D366}.Release|Any CPU.Build.0 = Release|Any CPU
		{EF037166-7D8C-4F70-B011-9DCA3111AF2C}.Debug|Any CPU.ActiveCfg = Debug|Any CPU
		{EF037166-7D8C-4F70-B011-9DCA3111AF2C}.Debug|Any CPU.Build.0 = Debug|Any CPU
		{EF037166-7D8C-4F70-B011-9DCA3111AF2C}.Release|Any CPU.ActiveCfg = Release|Any CPU
		{EF037166-7D8C-4F70-B011-9DCA3111AF2C}.Release|Any CPU.Build.0 = Release|Any CPU
		{D841352C-054B-4A68-B228-0FF9AA391BF1}.Debug|Any CPU.ActiveCfg = Debug|Any CPU
		{D841352C-054B-4A68-B228-0FF9AA391BF1}.Debug|Any CPU.Build.0 = Debug|Any CPU
		{D841352C-054B-4A68-B228-0FF9AA391BF1}.Release|Any CPU.ActiveCfg = Release|Any CPU
		{D841352C-054B-4A68-B228-0FF9AA391BF1}.Release|Any CPU.Build.0 = Release|Any CPU
		{0227301D-DA35-4980-903F-A71AE0FE431E}.Debug|Any CPU.ActiveCfg = Debug|Any CPU
		{0227301D-DA35-4980-903F-A71AE0FE431E}.Debug|Any CPU.Build.0 = Debug|Any CPU
		{0227301D-DA35-4980-903F-A71AE0FE431E}.Release|Any CPU.ActiveCfg = Release|Any CPU
		{0227301D-DA35-4980-903F-A71AE0FE431E}.Release|Any CPU.Build.0 = Release|Any CPU
		{D73CAFA7-2D24-49A0-AB32-37065B4092CD}.Debug|Any CPU.ActiveCfg = Debug|Any CPU
		{D73CAFA7-2D24-49A0-AB32-37065B4092CD}.Debug|Any CPU.Build.0 = Debug|Any CPU
		{D73CAFA7-2D24-49A0-AB32-37065B4092CD}.Release|Any CPU.ActiveCfg = Release|Any CPU
		{D73CAFA7-2D24-49A0-AB32-37065B4092CD}.Release|Any CPU.Build.0 = Release|Any CPU
		{AB61506C-BE8E-4B3D-8C94-4FD48425CF89}.Debug|Any CPU.ActiveCfg = Debug|Any CPU
		{AB61506C-BE8E-4B3D-8C94-4FD48425CF89}.Debug|Any CPU.Build.0 = Debug|Any CPU
		{AB61506C-BE8E-4B3D-8C94-4FD48425CF89}.Release|Any CPU.ActiveCfg = Release|Any CPU
		{AB61506C-BE8E-4B3D-8C94-4FD48425CF89}.Release|Any CPU.Build.0 = Release|Any CPU
		{1C75440E-FB16-4D27-900D-01DE3186E011}.Debug|Any CPU.ActiveCfg = Debug|Any CPU
		{1C75440E-FB16-4D27-900D-01DE3186E011}.Debug|Any CPU.Build.0 = Debug|Any CPU
		{1C75440E-FB16-4D27-900D-01DE3186E011}.Release|Any CPU.ActiveCfg = Release|Any CPU
		{1C75440E-FB16-4D27-900D-01DE3186E011}.Release|Any CPU.Build.0 = Release|Any CPU
		{1754ED99-8FA4-4103-878D-A4F6C6C7E4B9}.Debug|Any CPU.ActiveCfg = Debug|Any CPU
		{1754ED99-8FA4-4103-878D-A4F6C6C7E4B9}.Debug|Any CPU.Build.0 = Debug|Any CPU
		{1754ED99-8FA4-4103-878D-A4F6C6C7E4B9}.Release|Any CPU.ActiveCfg = Release|Any CPU
		{1754ED99-8FA4-4103-878D-A4F6C6C7E4B9}.Release|Any CPU.Build.0 = Release|Any CPU
	EndGlobalSection
	GlobalSection(SolutionProperties) = preSolution
		HideSolutionNode = FALSE
	EndGlobalSection
	GlobalSection(ExtensibilityGlobals) = postSolution
		SolutionGuid = {DF5AC71A-2EA5-4F42-B04D-AD7434854886}
	EndGlobalSection
EndGlobal
